
Microsoft Visual Studio Solution File, Format Version 11.00
# Visual Studio 2010
Project("{E24C65DC-7377-472B-9ABA-BC803B73C61A}") = "Hotel", "..\..\WebSites\Hotel\", "{E16F08C6-8724-4B0F-80D9-DA3CE8AC4672}"
	ProjectSection(WebsiteProperties) = preProject
		TargetFrameworkMoniker = ".NETFramework,Version%3Dv4.0"
		Debug.AspNetCompiler.VirtualPath = "/Hotel"
		Debug.AspNetCompiler.PhysicalPath = "..\..\WebSites\Hotel\"
		Debug.AspNetCompiler.TargetPath = "PrecompiledWeb\Hotel\"
		Debug.AspNetCompiler.Updateable = "true"
		Debug.AspNetCompiler.ForceOverwrite = "true"
		Debug.AspNetCompiler.FixedNames = "false"
		Debug.AspNetCompiler.Debug = "True"
		Release.AspNetCompiler.VirtualPath = "/Hotel"
		Release.AspNetCompiler.PhysicalPath = "..\..\WebSites\Hotel\"
		Release.AspNetCompiler.TargetPath = "PrecompiledWeb\Hotel\"
		Release.AspNetCompiler.Updateable = "true"
		Release.AspNetCompiler.ForceOverwrite = "true"
		Release.AspNetCompiler.FixedNames = "false"
		Release.AspNetCompiler.Debug = "False"
		VWDPort = "60373"
		DefaultWebSiteLanguage = "Visual C#"
	EndProjectSection
EndProject
Global
	GlobalSection(SolutionConfigurationPlatforms) = preSolution
		Debug|Any CPU = Debug|Any CPU
	EndGlobalSection
	GlobalSection(ProjectConfigurationPlatforms) = postSolution
		{E16F08C6-8724-4B0F-80D9-DA3CE8AC4672}.Debug|Any CPU.ActiveCfg = Debug|Any CPU
		{E16F08C6-8724-4B0F-80D9-DA3CE8AC4672}.Debug|Any CPU.Build.0 = Debug|Any CPU
	EndGlobalSection
	GlobalSection(SolutionProperties) = preSolution
		HideSolutionNode = FALSE
	EndGlobalSection
EndGlobal
