
Microsoft Visual Studio Solution File, Format Version 11.00
# Visual Web Developer Express 2010
Project("{E24C65DC-7377-472B-9ABA-BC803B73C61A}") = "pages", "\\GLOBEVM\meth01\methode-servlets\preview\preview-jsp\standard\pages\", "{D75E5AE1-4906-40BB-A18C-2E7546ACB7DD}"
	ProjectSection(WebsiteProperties) = preProject
		TargetFrameworkMoniker = ".NETFramework,Version%3Dv4.0"
		Debug.AspNetCompiler.VirtualPath = "/pages"
		Debug.AspNetCompiler.PhysicalPath = "\\GLOBEVM\meth01\methode-servlets\preview\preview-jsp\standard\pages\"
		Debug.AspNetCompiler.TargetPath = "PrecompiledWeb\pages\"
		Debug.AspNetCompiler.Updateable = "true"
		Debug.AspNetCompiler.ForceOverwrite = "true"
		Debug.AspNetCompiler.FixedNames = "false"
		Debug.AspNetCompiler.Debug = "True"
		Release.AspNetCompiler.VirtualPath = "/pages"
		Release.AspNetCompiler.PhysicalPath = "\\GLOBEVM\meth01\methode-servlets\preview\preview-jsp\standard\pages\"
		Release.AspNetCompiler.TargetPath = "PrecompiledWeb\pages\"
		Release.AspNetCompiler.Updateable = "true"
		Release.AspNetCompiler.ForceOverwrite = "true"
		Release.AspNetCompiler.FixedNames = "false"
		Release.AspNetCompiler.Debug = "False"
		VWDPort = "52185"
	EndProjectSection
EndProject
Global
	GlobalSection(SolutionConfigurationPlatforms) = preSolution
		Debug|Any CPU = Debug|Any CPU
	EndGlobalSection
	GlobalSection(ProjectConfigurationPlatforms) = postSolution
		{D75E5AE1-4906-40BB-A18C-2E7546ACB7DD}.Debug|Any CPU.ActiveCfg = Debug|Any CPU
		{D75E5AE1-4906-40BB-A18C-2E7546ACB7DD}.Debug|Any CPU.Build.0 = Debug|Any CPU
	EndGlobalSection
	GlobalSection(SolutionProperties) = preSolution
		HideSolutionNode = FALSE
	EndGlobalSection
EndGlobal
